
Microsoft Visual Studio Solution File, Format Version 12.00
# Visual Studio Version 17
VisualStudioVersion = 17.3.32819.101
MinimumVisualStudioVersion = 10.0.40219.1
Project("{FAE04EC0-301F-11D3-BF4B-00C04F79EFBC}") = "WinFormsApp3", "WinFormsApp3\WinFormsApp3.csproj", "{82C9A316-6E49-42DE-9260-59FEBD8E152E}"
EndProject
Global
	GlobalSection(SolutionConfigurationPlatforms) = preSolution
		Debug|Any CPU = Debug|Any CPU
		Release|Any CPU = Release|Any CPU
	EndGlobalSection
	GlobalSection(ProjectConfigurationPlatforms) = postSolution
		{82C9A316-6E49-42DE-9260-59FEBD8E152E}.Debug|Any CPU.ActiveCfg = Debug|Any CPU
		{82C9A316-6E49-42DE-9260-59FEBD8E152E}.Debug|Any CPU.Build.0 = Debug|Any CPU
		{82C9A316-6E49-42DE-9260-59FEBD8E152E}.Release|Any CPU.ActiveCfg = Release|Any CPU
		{82C9A316-6E49-42DE-9260-59FEBD8E152E}.Release|Any CPU.Build.0 = Release|Any CPU
	EndGlobalSection
	GlobalSection(SolutionProperties) = preSolution
		HideSolutionNode = FALSE
	EndGlobalSection
	GlobalSection(ExtensibilityGlobals) = postSolution
		SolutionGuid = {6776E535-1496-4B59-9FFD-6198A61C576A}
	EndGlobalSection
EndGlobal
